// !$*UTF8*$!
{
	archiveVersion = 1;
	classes = {
	};
	objectVersion = 48;
	objects = {

/* Begin PBXBuildFile section */
		6E07C47F1FCC645F0063CBF6 /* PlanSceneMetal.h in Headers */ = {isa = PBXBuildFile; fileRef = 6E07C47D1FCC645F0063CBF6 /* PlanSceneMetal.h */; settings = {ATTRIBUTES = (Public, ); }; };
		6E07C4F61FCC650B0063CBF6 /* SMDrawingView.swift in Sources */ = {isa = PBXBuildFile; fileRef = 6E07C4F51FCC650B0063CBF6 /* SMDrawingView.swift */; };
		6E07C5271FCC66AC0063CBF6 /* SMError.swift in Sources */ = {isa = PBXBuildFile; fileRef = 6E07C5261FCC66AC0063CBF6 /* SMError.swift */; };
		6E07C5291FCC66B10063CBF6 /* SMConstants.swift in Sources */ = {isa = PBXBuildFile; fileRef = 6E07C5281FCC66B10063CBF6 /* SMConstants.swift */; };
		6E07C52B1FCC66B80063CBF6 /* SMDrawingLayer.swift in Sources */ = {isa = PBXBuildFile; fileRef = 6E07C52A1FCC66B80063CBF6 /* SMDrawingLayer.swift */; };
		6E07C52E1FCC66D50063CBF6 /* CLLocation+Global.swift in Sources */ = {isa = PBXBuildFile; fileRef = 6E07C52D1FCC66D50063CBF6 /* CLLocation+Global.swift */; };
		6E07C5301FCC66DA0063CBF6 /* Array+Global.swift in Sources */ = {isa = PBXBuildFile; fileRef = 6E07C52F1FCC66DA0063CBF6 /* Array+Global.swift */; };
		6E07C5321FCC66E10063CBF6 /* CGFloat+Global.swift in Sources */ = {isa = PBXBuildFile; fileRef = 6E07C5311FCC66E10063CBF6 /* CGFloat+Global.swift */; };
		6E07C5351FCC66FB0063CBF6 /* SMShaders.metal in Sources */ = {isa = PBXBuildFile; fileRef = 6E07C5341FCC66FB0063CBF6 /* SMShaders.metal */; };
		6E07C5381FCC67130063CBF6 /* SVector2d.swift in Sources */ = {isa = PBXBuildFile; fileRef = 6E07C5371FCC67130063CBF6 /* SVector2d.swift */; };
		6E07C53A1FCC671D0063CBF6 /* SPlanData.swift in Sources */ = {isa = PBXBuildFile; fileRef = 6E07C5391FCC671D0063CBF6 /* SPlanData.swift */; };
		6E07C53C1FCC67270063CBF6 /* SVertexesData.swift in Sources */ = {isa = PBXBuildFile; fileRef = 6E07C53B1FCC67270063CBF6 /* SVertexesData.swift */; };
		6E07C53E1FCC67300063CBF6 /* SVertex.swift in Sources */ = {isa = PBXBuildFile; fileRef = 6E07C53D1FCC67300063CBF6 /* SVertex.swift */; };
		6E07C5411FCC67490063CBF6 /* SMTriangle.swift in Sources */ = {isa = PBXBuildFile; fileRef = 6E07C5401FCC67490063CBF6 /* SMTriangle.swift */; };
		6E07C5431FCC674E0063CBF6 /* SMNode.swift in Sources */ = {isa = PBXBuildFile; fileRef = 6E07C5421FCC674E0063CBF6 /* SMNode.swift */; };
		6E07C5461FCC67600063CBF6 /* SMTringulate.swift in Sources */ = {isa = PBXBuildFile; fileRef = 6E07C5451FCC67600063CBF6 /* SMTringulate.swift */; };
		6E07C5481FCC67670063CBF6 /* SMContour.swift in Sources */ = {isa = PBXBuildFile; fileRef = 6E07C5471FCC67670063CBF6 /* SMContour.swift */; };
		6E07C54A1FCC676E0063CBF6 /* SMGrid.swift in Sources */ = {isa = PBXBuildFile; fileRef = 6E07C5491FCC676E0063CBF6 /* SMGrid.swift */; };
		6E07C54E1FCC67AC0063CBF6 /* SMDrawingLayer+UIScrollViewDelegate.swift in Sources */ = {isa = PBXBuildFile; fileRef = 6E07C54D1FCC67AC0063CBF6 /* SMDrawingLayer+UIScrollViewDelegate.swift */; };
		6E07C5511FCC67BD0063CBF6 /* SMLook.swift in Sources */ = {isa = PBXBuildFile; fileRef = 6E07C5501FCC67BD0063CBF6 /* SMLook.swift */; };
		6E07C5531FCC67C30063CBF6 /* SMUserLocation.swift in Sources */ = {isa = PBXBuildFile; fileRef = 6E07C5521FCC67C30063CBF6 /* SMUserLocation.swift */; };
		6E07C5561FCC67DE0063CBF6 /* SMViewHierarchyPreparing.swift in Sources */ = {isa = PBXBuildFile; fileRef = 6E07C5551FCC67DD0063CBF6 /* SMViewHierarchyPreparing.swift */; };
		6E07C5591FCC67F20063CBF6 /* SMCompassRotation.swift in Sources */ = {isa = PBXBuildFile; fileRef = 6E07C5581FCC67F20063CBF6 /* SMCompassRotation.swift */; };
		6E07C55B1FCC67F70063CBF6 /* SMCompassLocationDelegate.swift in Sources */ = {isa = PBXBuildFile; fileRef = 6E07C55A1FCC67F70063CBF6 /* SMCompassLocationDelegate.swift */; };
		6E09AFA81FE1391700C53DBE /* SMTriangle+UserPosition.swift in Sources */ = {isa = PBXBuildFile; fileRef = 6E09AFA71FE1391700C53DBE /* SMTriangle+UserPosition.swift */; };
		6E17892F1FE2BA72001AE94A /* SMDrawingLayer+Gesture.swift in Sources */ = {isa = PBXBuildFile; fileRef = 6E17892E1FE2BA72001AE94A /* SMDrawingLayer+Gesture.swift */; };
		6E5F11A31FDEC642001A6D80 /* SMVectorTextMesh.h in Headers */ = {isa = PBXBuildFile; fileRef = 6E5F11A11FDEC642001A6D80 /* SMVectorTextMesh.h */; };
		6E5F11A41FDEC642001A6D80 /* SMVectorTextMesh.m in Sources */ = {isa = PBXBuildFile; fileRef = 6E5F11A21FDEC642001A6D80 /* SMVectorTextMesh.m */; };
		6E87EE301FCC7C9400E4D4E1 /* SMDrawingError.swift in Sources */ = {isa = PBXBuildFile; fileRef = 6E87EE2F1FCC7C9400E4D4E1 /* SMDrawingError.swift */; };
		6E997ECA1FDAA36200DBE833 /* SMFontAtlas.m in Sources */ = {isa = PBXBuildFile; fileRef = 6E997EC81FDAA36200DBE833 /* SMFontAtlas.m */; };
		6E997ECB1FDAA36200DBE833 /* SMFontAtlas.h in Headers */ = {isa = PBXBuildFile; fileRef = 6E997EC91FDAA36200DBE833 /* SMFontAtlas.h */; };
		6E997ED41FDAA37900DBE833 /* SMTextMesh.m in Sources */ = {isa = PBXBuildFile; fileRef = 6E997ECD1FDAA37900DBE833 /* SMTextMesh.m */; };
		6E997ED51FDAA37900DBE833 /* SMMesh.h in Headers */ = {isa = PBXBuildFile; fileRef = 6E997ECE1FDAA37900DBE833 /* SMMesh.h */; };
		6E997ED71FDAA37900DBE833 /* SMMesh.m in Sources */ = {isa = PBXBuildFile; fileRef = 6E997ED01FDAA37900DBE833 /* SMMesh.m */; };
		6E997ED81FDAA37900DBE833 /* SMTextMesh.h in Headers */ = {isa = PBXBuildFile; fileRef = 6E997ED11FDAA37900DBE833 /* SMTextMesh.h */; };
		6E9F06561FE26ADF00A4B560 /* SMTriangle+Colors.swift in Sources */ = {isa = PBXBuildFile; fileRef = 6E9F06551FE26ADF00A4B560 /* SMTriangle+Colors.swift */; };
		6E9F065B1FE2739E00A4B560 /* SMTriangle+Text.swift in Sources */ = {isa = PBXBuildFile; fileRef = 6E9F065A1FE2739E00A4B560 /* SMTriangle+Text.swift */; };
		6E9F065D1FE279C200A4B560 /* SMDrawingLayer+Colors.swift in Sources */ = {isa = PBXBuildFile; fileRef = 6E9F065C1FE279C200A4B560 /* SMDrawingLayer+Colors.swift */; };
		6E9F065F1FE27D4B00A4B560 /* SMDrawingLayer+DataProcessing.swift in Sources */ = {isa = PBXBuildFile; fileRef = 6E9F065E1FE27D4B00A4B560 /* SMDrawingLayer+DataProcessing.swift */; };
		6E9F06611FE27DD700A4B560 /* SMDarawingLayer+Rotation.swift in Sources */ = {isa = PBXBuildFile; fileRef = 6E9F06601FE27DD700A4B560 /* SMDarawingLayer+Rotation.swift */; };
		6EC12AC71FDED34800CCC6E6 /* SMGlyphDescriptor.h in Headers */ = {isa = PBXBuildFile; fileRef = 6EC12AC51FDED34800CCC6E6 /* SMGlyphDescriptor.h */; };
		6EC12AC81FDED34800CCC6E6 /* SMGlyphDescriptor.m in Sources */ = {isa = PBXBuildFile; fileRef = 6EC12AC61FDED34800CCC6E6 /* SMGlyphDescriptor.m */; };
		6EC12ACC1FDED49F00CCC6E6 /* SMTextRenderingConstants.h in Headers */ = {isa = PBXBuildFile; fileRef = 6EC12ACA1FDED49F00CCC6E6 /* SMTextRenderingConstants.h */; };
		6EC12ACD1FDED49F00CCC6E6 /* SMTextRenderingConstants.m in Sources */ = {isa = PBXBuildFile; fileRef = 6EC12ACB1FDED49F00CCC6E6 /* SMTextRenderingConstants.m */; };
		6EC12AD21FDED88C00CCC6E6 /* SMFontAtlasBuild.h in Headers */ = {isa = PBXBuildFile; fileRef = 6EC12AD01FDED88C00CCC6E6 /* SMFontAtlasBuild.h */; };
		6EC12AD31FDED88C00CCC6E6 /* SMFontAtlasBuild.m in Sources */ = {isa = PBXBuildFile; fileRef = 6EC12AD11FDED88C00CCC6E6 /* SMFontAtlasBuild.m */; };
/* End PBXBuildFile section */

/* Begin PBXFileReference section */
		6E07C47A1FCC645F0063CBF6 /* IndoorPlanSceneMetal.framework */ = {isa = PBXFileReference; explicitFileType = wrapper.framework; includeInIndex = 0; path = IndoorPlanSceneMetal.framework; sourceTree = BUILT_PRODUCTS_DIR; };
		6E07C47D1FCC645F0063CBF6 /* PlanSceneMetal.h */ = {isa = PBXFileReference; lastKnownFileType = sourcecode.c.h; path = PlanSceneMetal.h; sourceTree = "<group>"; };
		6E07C47E1FCC645F0063CBF6 /* Info.plist */ = {isa = PBXFileReference; lastKnownFileType = text.plist.xml; path = Info.plist; sourceTree = "<group>"; };
		6E07C4F51FCC650B0063CBF6 /* SMDrawingView.swift */ = {isa = PBXFileReference; fileEncoding = 4; lastKnownFileType = sourcecode.swift; path = SMDrawingView.swift; sourceTree = "<group>"; };
		6E07C5261FCC66AC0063CBF6 /* SMError.swift */ = {isa = PBXFileReference; fileEncoding = 4; lastKnownFileType = sourcecode.swift; path = SMError.swift; sourceTree = "<group>"; };
		6E07C5281FCC66B10063CBF6 /* SMConstants.swift */ = {isa = PBXFileReference; fileEncoding = 4; lastKnownFileType = sourcecode.swift; path = SMConstants.swift; sourceTree = "<group>"; };
		6E07C52A1FCC66B80063CBF6 /* SMDrawingLayer.swift */ = {isa = PBXFileReference; fileEncoding = 4; lastKnownFileType = sourcecode.swift; path = SMDrawingLayer.swift; sourceTree = "<group>"; };
		6E07C52D1FCC66D50063CBF6 /* CLLocation+Global.swift */ = {isa = PBXFileReference; fileEncoding = 4; lastKnownFileType = sourcecode.swift; path = "CLLocation+Global.swift"; sourceTree = "<group>"; };
		6E07C52F1FCC66DA0063CBF6 /* Array+Global.swift */ = {isa = PBXFileReference; fileEncoding = 4; lastKnownFileType = sourcecode.swift; path = "Array+Global.swift"; sourceTree = "<group>"; };
		6E07C5311FCC66E10063CBF6 /* CGFloat+Global.swift */ = {isa = PBXFileReference; fileEncoding = 4; lastKnownFileType = sourcecode.swift; path = "CGFloat+Global.swift"; sourceTree = "<group>"; };
		6E07C5341FCC66FB0063CBF6 /* SMShaders.metal */ = {isa = PBXFileReference; fileEncoding = 4; lastKnownFileType = sourcecode.metal; path = SMShaders.metal; sourceTree = "<group>"; };
		6E07C5371FCC67130063CBF6 /* SVector2d.swift */ = {isa = PBXFileReference; fileEncoding = 4; lastKnownFileType = sourcecode.swift; path = SVector2d.swift; sourceTree = "<group>"; };
		6E07C5391FCC671D0063CBF6 /* SPlanData.swift */ = {isa = PBXFileReference; fileEncoding = 4; lastKnownFileType = sourcecode.swift; path = SPlanData.swift; sourceTree = "<group>"; };
		6E07C53B1FCC67270063CBF6 /* SVertexesData.swift */ = {isa = PBXFileReference; fileEncoding = 4; lastKnownFileType = sourcecode.swift; path = SVertexesData.swift; sourceTree = "<group>"; };
		6E07C53D1FCC67300063CBF6 /* SVertex.swift */ = {isa = PBXFileReference; fileEncoding = 4; lastKnownFileType = sourcecode.swift; path = SVertex.swift; sourceTree = "<group>"; };
		6E07C5401FCC67490063CBF6 /* SMTriangle.swift */ = {isa = PBXFileReference; fileEncoding = 4; lastKnownFileType = sourcecode.swift; path = SMTriangle.swift; sourceTree = "<group>"; };
		6E07C5421FCC674E0063CBF6 /* SMNode.swift */ = {isa = PBXFileReference; fileEncoding = 4; lastKnownFileType = sourcecode.swift; path = SMNode.swift; sourceTree = "<group>"; };
		6E07C5451FCC67600063CBF6 /* SMTringulate.swift */ = {isa = PBXFileReference; fileEncoding = 4; lastKnownFileType = sourcecode.swift; path = SMTringulate.swift; sourceTree = "<group>"; };
		6E07C5471FCC67670063CBF6 /* SMContour.swift */ = {isa = PBXFileReference; fileEncoding = 4; lastKnownFileType = sourcecode.swift; path = SMContour.swift; sourceTree = "<group>"; };
		6E07C5491FCC676E0063CBF6 /* SMGrid.swift */ = {isa = PBXFileReference; fileEncoding = 4; lastKnownFileType = sourcecode.swift; path = SMGrid.swift; sourceTree = "<group>"; };
		6E07C54D1FCC67AC0063CBF6 /* SMDrawingLayer+UIScrollViewDelegate.swift */ = {isa = PBXFileReference; fileEncoding = 4; lastKnownFileType = sourcecode.swift; path = "SMDrawingLayer+UIScrollViewDelegate.swift"; sourceTree = "<group>"; };
		6E07C5501FCC67BD0063CBF6 /* SMLook.swift */ = {isa = PBXFileReference; fileEncoding = 4; lastKnownFileType = sourcecode.swift; path = SMLook.swift; sourceTree = "<group>"; };
		6E07C5521FCC67C30063CBF6 /* SMUserLocation.swift */ = {isa = PBXFileReference; fileEncoding = 4; lastKnownFileType = sourcecode.swift; path = SMUserLocation.swift; sourceTree = "<group>"; };
		6E07C5551FCC67DD0063CBF6 /* SMViewHierarchyPreparing.swift */ = {isa = PBXFileReference; fileEncoding = 4; lastKnownFileType = sourcecode.swift; path = SMViewHierarchyPreparing.swift; sourceTree = "<group>"; };
		6E07C5581FCC67F20063CBF6 /* SMCompassRotation.swift */ = {isa = PBXFileReference; fileEncoding = 4; lastKnownFileType = sourcecode.swift; path = SMCompassRotation.swift; sourceTree = "<group>"; };
		6E07C55A1FCC67F70063CBF6 /* SMCompassLocationDelegate.swift */ = {isa = PBXFileReference; fileEncoding = 4; lastKnownFileType = sourcecode.swift; path = SMCompassLocationDelegate.swift; sourceTree = "<group>"; };
		6E09AFA71FE1391700C53DBE /* SMTriangle+UserPosition.swift */ = {isa = PBXFileReference; lastKnownFileType = sourcecode.swift; path = "SMTriangle+UserPosition.swift"; sourceTree = "<group>"; };
		6E17892E1FE2BA72001AE94A /* SMDrawingLayer+Gesture.swift */ = {isa = PBXFileReference; lastKnownFileType = sourcecode.swift; path = "SMDrawingLayer+Gesture.swift"; sourceTree = "<group>"; };
		6E5F11A11FDEC642001A6D80 /* SMVectorTextMesh.h */ = {isa = PBXFileReference; lastKnownFileType = sourcecode.c.h; path = SMVectorTextMesh.h; sourceTree = "<group>"; };
		6E5F11A21FDEC642001A6D80 /* SMVectorTextMesh.m */ = {isa = PBXFileReference; lastKnownFileType = sourcecode.c.objc; path = SMVectorTextMesh.m; sourceTree = "<group>"; };
		6E87EE2F1FCC7C9400E4D4E1 /* SMDrawingError.swift */ = {isa = PBXFileReference; lastKnownFileType = sourcecode.swift; path = SMDrawingError.swift; sourceTree = "<group>"; };
		6E997EC81FDAA36200DBE833 /* SMFontAtlas.m */ = {isa = PBXFileReference; fileEncoding = 4; lastKnownFileType = sourcecode.c.objc; path = SMFontAtlas.m; sourceTree = "<group>"; };
		6E997EC91FDAA36200DBE833 /* SMFontAtlas.h */ = {isa = PBXFileReference; fileEncoding = 4; lastKnownFileType = sourcecode.c.h; path = SMFontAtlas.h; sourceTree = "<group>"; };
		6E997ECD1FDAA37900DBE833 /* SMTextMesh.m */ = {isa = PBXFileReference; fileEncoding = 4; lastKnownFileType = sourcecode.c.objc; path = SMTextMesh.m; sourceTree = "<group>"; };
		6E997ECE1FDAA37900DBE833 /* SMMesh.h */ = {isa = PBXFileReference; fileEncoding = 4; lastKnownFileType = sourcecode.c.h; path = SMMesh.h; sourceTree = "<group>"; };
		6E997ED01FDAA37900DBE833 /* SMMesh.m */ = {isa = PBXFileReference; fileEncoding = 4; lastKnownFileType = sourcecode.c.objc; path = SMMesh.m; sourceTree = "<group>"; };
		6E997ED11FDAA37900DBE833 /* SMTextMesh.h */ = {isa = PBXFileReference; fileEncoding = 4; lastKnownFileType = sourcecode.c.h; path = SMTextMesh.h; sourceTree = "<group>"; };
		6E997EDA1FDAA46200DBE833 /* IndoorPlanSceneMetal-Bridging-Header.h */ = {isa = PBXFileReference; lastKnownFileType = sourcecode.c.h; path = "IndoorPlanSceneMetal-Bridging-Header.h"; sourceTree = "<group>"; };
		6E9F06551FE26ADF00A4B560 /* SMTriangle+Colors.swift */ = {isa = PBXFileReference; lastKnownFileType = sourcecode.swift; path = "SMTriangle+Colors.swift"; sourceTree = "<group>"; };
		6E9F065A1FE2739E00A4B560 /* SMTriangle+Text.swift */ = {isa = PBXFileReference; lastKnownFileType = sourcecode.swift; path = "SMTriangle+Text.swift"; sourceTree = "<group>"; };
		6E9F065C1FE279C200A4B560 /* SMDrawingLayer+Colors.swift */ = {isa = PBXFileReference; lastKnownFileType = sourcecode.swift; path = "SMDrawingLayer+Colors.swift"; sourceTree = "<group>"; };
		6E9F065E1FE27D4B00A4B560 /* SMDrawingLayer+DataProcessing.swift */ = {isa = PBXFileReference; lastKnownFileType = sourcecode.swift; path = "SMDrawingLayer+DataProcessing.swift"; sourceTree = "<group>"; };
		6E9F06601FE27DD700A4B560 /* SMDarawingLayer+Rotation.swift */ = {isa = PBXFileReference; lastKnownFileType = sourcecode.swift; path = "SMDarawingLayer+Rotation.swift"; sourceTree = "<group>"; };
		6EC12AC51FDED34800CCC6E6 /* SMGlyphDescriptor.h */ = {isa = PBXFileReference; lastKnownFileType = sourcecode.c.h; path = SMGlyphDescriptor.h; sourceTree = "<group>"; };
		6EC12AC61FDED34800CCC6E6 /* SMGlyphDescriptor.m */ = {isa = PBXFileReference; lastKnownFileType = sourcecode.c.objc; path = SMGlyphDescriptor.m; sourceTree = "<group>"; };
		6EC12ACA1FDED49F00CCC6E6 /* SMTextRenderingConstants.h */ = {isa = PBXFileReference; lastKnownFileType = sourcecode.c.h; path = SMTextRenderingConstants.h; sourceTree = "<group>"; };
		6EC12ACB1FDED49F00CCC6E6 /* SMTextRenderingConstants.m */ = {isa = PBXFileReference; lastKnownFileType = sourcecode.c.objc; path = SMTextRenderingConstants.m; sourceTree = "<group>"; };
		6EC12AD01FDED88C00CCC6E6 /* SMFontAtlasBuild.h */ = {isa = PBXFileReference; lastKnownFileType = sourcecode.c.h; path = SMFontAtlasBuild.h; sourceTree = "<group>"; };
		6EC12AD11FDED88C00CCC6E6 /* SMFontAtlasBuild.m */ = {isa = PBXFileReference; lastKnownFileType = sourcecode.c.objc; path = SMFontAtlasBuild.m; sourceTree = "<group>"; };
/* End PBXFileReference section */

/* Begin PBXFrameworksBuildPhase section */
		6E07C4761FCC645F0063CBF6 /* Frameworks */ = {
			isa = PBXFrameworksBuildPhase;
			buildActionMask = 2147483647;
			files = (
			);
			runOnlyForDeploymentPostprocessing = 0;
		};
/* End PBXFrameworksBuildPhase section */

/* Begin PBXGroup section */
		6E07C4701FCC645F0063CBF6 = {
			isa = PBXGroup;
			children = (
				6E07C47C1FCC645F0063CBF6 /* IndoorPlanSceneMetal */,
				6E07C47B1FCC645F0063CBF6 /* Products */,
				6E07C5031FCC65C10063CBF6 /* Frameworks */,
			);
			sourceTree = "<group>";
		};
		6E07C47B1FCC645F0063CBF6 /* Products */ = {
			isa = PBXGroup;
			children = (
				6E07C47A1FCC645F0063CBF6 /* IndoorPlanSceneMetal.framework */,
			);
			name = Products;
			sourceTree = "<group>";
		};
		6E07C47C1FCC645F0063CBF6 /* IndoorPlanSceneMetal */ = {
			isa = PBXGroup;
			children = (
				6E07C4F41FCC65020063CBF6 /* SMDrawing */,
				6E07C47D1FCC645F0063CBF6 /* PlanSceneMetal.h */,
				6E07C47E1FCC645F0063CBF6 /* Info.plist */,
			);
			path = IndoorPlanSceneMetal;
			sourceTree = "<group>";
		};
		6E07C4F41FCC65020063CBF6 /* SMDrawing */ = {
			isa = PBXGroup;
			children = (
				6E07C4F51FCC650B0063CBF6 /* SMDrawingView.swift */,
				6E87EE2F1FCC7C9400E4D4E1 /* SMDrawingError.swift */,
				6E07C5251FCC66960063CBF6 /* PlanSceneMetal */,
			);
			path = SMDrawing;
			sourceTree = "<group>";
		};
		6E07C5031FCC65C10063CBF6 /* Frameworks */ = {
			isa = PBXGroup;
			children = (
			);
			name = Frameworks;
			sourceTree = "<group>";
		};
		6E07C5251FCC66960063CBF6 /* PlanSceneMetal */ = {
			isa = PBXGroup;
			children = (
				6E07C5571FCC67EC0063CBF6 /* Compass rotation */,
				6E07C5541FCC67D30063CBF6 /* ViewPreparing */,
				6E07C54F1FCC67B80063CBF6 /* Location */,
				6E07C54C1FCC679F0063CBF6 /* Zoom and rotation */,
				6E07C5331FCC66EA0063CBF6 /* Metal components */,
				6E07C52C1FCC66C70063CBF6 /* Extensions */,
				6E07C5261FCC66AC0063CBF6 /* SMError.swift */,
				6E07C5281FCC66B10063CBF6 /* SMConstants.swift */,
				6E07C52A1FCC66B80063CBF6 /* SMDrawingLayer.swift */,
				6E17892E1FE2BA72001AE94A /* SMDrawingLayer+Gesture.swift */,
				6E9F065C1FE279C200A4B560 /* SMDrawingLayer+Colors.swift */,
				6E9F065E1FE27D4B00A4B560 /* SMDrawingLayer+DataProcessing.swift */,
				6E9F06601FE27DD700A4B560 /* SMDarawingLayer+Rotation.swift */,
			);
			path = PlanSceneMetal;
			sourceTree = "<group>";
		};
		6E07C52C1FCC66C70063CBF6 /* Extensions */ = {
			isa = PBXGroup;
			children = (
				6E07C5311FCC66E10063CBF6 /* CGFloat+Global.swift */,
				6E07C52F1FCC66DA0063CBF6 /* Array+Global.swift */,
				6E07C52D1FCC66D50063CBF6 /* CLLocation+Global.swift */,
			);
			path = Extensions;
			sourceTree = "<group>";
		};
		6E07C5331FCC66EA0063CBF6 /* Metal components */ = {
			isa = PBXGroup;
			children = (
				6E07C54B1FCC67890063CBF6 /* Shaders */,
				6E07C5441FCC675A0063CBF6 /* Algorithms */,
				6E07C53F1FCC673C0063CBF6 /* Node */,
				6E07C5361FCC67090063CBF6 /* DataStruct */,
			);
			path = "Metal components";
			sourceTree = "<group>";
		};
		6E07C5361FCC67090063CBF6 /* DataStruct */ = {
			isa = PBXGroup;
			children = (
				6E07C5371FCC67130063CBF6 /* SVector2d.swift */,
				6E07C5391FCC671D0063CBF6 /* SPlanData.swift */,
				6E07C53B1FCC67270063CBF6 /* SVertexesData.swift */,
				6E07C53D1FCC67300063CBF6 /* SVertex.swift */,
			);
			path = DataStruct;
			sourceTree = "<group>";
		};
		6E07C53F1FCC673C0063CBF6 /* Node */ = {
			isa = PBXGroup;
			children = (
				6E8280CB1FD545F500522FBD /* Text */,
				6E07C5421FCC674E0063CBF6 /* SMNode.swift */,
				6E07C5401FCC67490063CBF6 /* SMTriangle.swift */,
				6E09AFA71FE1391700C53DBE /* SMTriangle+UserPosition.swift */,
				6E9F06551FE26ADF00A4B560 /* SMTriangle+Colors.swift */,
				6E9F065A1FE2739E00A4B560 /* SMTriangle+Text.swift */,
			);
			path = Node;
			sourceTree = "<group>";
		};
		6E07C5441FCC675A0063CBF6 /* Algorithms */ = {
			isa = PBXGroup;
			children = (
				6E07C5451FCC67600063CBF6 /* SMTringulate.swift */,
				6E07C5471FCC67670063CBF6 /* SMContour.swift */,
				6E07C5491FCC676E0063CBF6 /* SMGrid.swift */,
			);
			path = Algorithms;
			sourceTree = "<group>";
		};
		6E07C54B1FCC67890063CBF6 /* Shaders */ = {
			isa = PBXGroup;
			children = (
				6E07C5341FCC66FB0063CBF6 /* SMShaders.metal */,
			);
			path = Shaders;
			sourceTree = "<group>";
		};
		6E07C54C1FCC679F0063CBF6 /* Zoom and rotation */ = {
			isa = PBXGroup;
			children = (
				6E07C54D1FCC67AC0063CBF6 /* SMDrawingLayer+UIScrollViewDelegate.swift */,
			);
			path = "Zoom and rotation";
			sourceTree = "<group>";
		};
		6E07C54F1FCC67B80063CBF6 /* Location */ = {
			isa = PBXGroup;
			children = (
				6E07C5501FCC67BD0063CBF6 /* SMLook.swift */,
				6E07C5521FCC67C30063CBF6 /* SMUserLocation.swift */,
			);
			path = Location;
			sourceTree = "<group>";
		};
		6E07C5541FCC67D30063CBF6 /* ViewPreparing */ = {
			isa = PBXGroup;
			children = (
				6E07C5551FCC67DD0063CBF6 /* SMViewHierarchyPreparing.swift */,
			);
			path = ViewPreparing;
			sourceTree = "<group>";
		};
		6E07C5571FCC67EC0063CBF6 /* Compass rotation */ = {
			isa = PBXGroup;
			children = (
				6E07C55A1FCC67F70063CBF6 /* SMCompassLocationDelegate.swift */,
				6E07C5581FCC67F20063CBF6 /* SMCompassRotation.swift */,
			);
			path = "Compass rotation";
			sourceTree = "<group>";
		};
		6E8280CB1FD545F500522FBD /* Text */ = {
			isa = PBXGroup;
			children = (
				6ECA6BF01FE001DB0093DF5D /* DataModels */,
				6ECA6BF11FE001F70093DF5D /* TextMesh */,
				6ECA6BF21FE002120093DF5D /* FontAtlas */,
				6EC12ACA1FDED49F00CCC6E6 /* SMTextRenderingConstants.h */,
				6EC12ACB1FDED49F00CCC6E6 /* SMTextRenderingConstants.m */,
				6E997EDA1FDAA46200DBE833 /* IndoorPlanSceneMetal-Bridging-Header.h */,
			);
			path = Text;
			sourceTree = "<group>";
		};
		6ECA6BF01FE001DB0093DF5D /* DataModels */ = {
			isa = PBXGroup;
			children = (
				6E997ECE1FDAA37900DBE833 /* SMMesh.h */,
				6E997ED01FDAA37900DBE833 /* SMMesh.m */,
				6E5F11A11FDEC642001A6D80 /* SMVectorTextMesh.h */,
				6E5F11A21FDEC642001A6D80 /* SMVectorTextMesh.m */,
				6EC12AC51FDED34800CCC6E6 /* SMGlyphDescriptor.h */,
				6EC12AC61FDED34800CCC6E6 /* SMGlyphDescriptor.m */,
			);
			name = DataModels;
			sourceTree = "<group>";
		};
		6ECA6BF11FE001F70093DF5D /* TextMesh */ = {
			isa = PBXGroup;
			children = (
				6E997ED11FDAA37900DBE833 /* SMTextMesh.h */,
				6E997ECD1FDAA37900DBE833 /* SMTextMesh.m */,
			);
			name = TextMesh;
			sourceTree = "<group>";
		};
		6ECA6BF21FE002120093DF5D /* FontAtlas */ = {
			isa = PBXGroup;
			children = (
				6E997EC91FDAA36200DBE833 /* SMFontAtlas.h */,
				6E997EC81FDAA36200DBE833 /* SMFontAtlas.m */,
				6EC12AD01FDED88C00CCC6E6 /* SMFontAtlasBuild.h */,
				6EC12AD11FDED88C00CCC6E6 /* SMFontAtlasBuild.m */,
			);
			name = FontAtlas;
			sourceTree = "<group>";
		};
/* End PBXGroup section */

/* Begin PBXHeadersBuildPhase section */
		6E07C4771FCC645F0063CBF6 /* Headers */ = {
			isa = PBXHeadersBuildPhase;
			buildActionMask = 2147483647;
			files = (
				6E997ED51FDAA37900DBE833 /* SMMesh.h in Headers */,
				6E997ED81FDAA37900DBE833 /* SMTextMesh.h in Headers */,
				6EC12AC71FDED34800CCC6E6 /* SMGlyphDescriptor.h in Headers */,
				6E997ECB1FDAA36200DBE833 /* SMFontAtlas.h in Headers */,
				6E07C47F1FCC645F0063CBF6 /* PlanSceneMetal.h in Headers */,
				6EC12ACC1FDED49F00CCC6E6 /* SMTextRenderingConstants.h in Headers */,
				6E5F11A31FDEC642001A6D80 /* SMVectorTextMesh.h in Headers */,
				6EC12AD21FDED88C00CCC6E6 /* SMFontAtlasBuild.h in Headers */,
			);
			runOnlyForDeploymentPostprocessing = 0;
		};
/* End PBXHeadersBuildPhase section */

/* Begin PBXNativeTarget section */
		6E07C4791FCC645F0063CBF6 /* IndoorPlanSceneMetal */ = {
			isa = PBXNativeTarget;
			buildConfigurationList = 6E07C4821FCC645F0063CBF6 /* Build configuration list for PBXNativeTarget "IndoorPlanSceneMetal" */;
			buildPhases = (
				6E07C4751FCC645F0063CBF6 /* Sources */,
				6E07C4761FCC645F0063CBF6 /* Frameworks */,
				6E07C4771FCC645F0063CBF6 /* Headers */,
				6E07C4781FCC645F0063CBF6 /* Resources */,
			);
			buildRules = (
			);
			dependencies = (
			);
			name = IndoorPlanSceneMetal;
			productName = PlanSceneMetal;
			productReference = 6E07C47A1FCC645F0063CBF6 /* IndoorPlanSceneMetal.framework */;
			productType = "com.apple.product-type.framework";
		};
/* End PBXNativeTarget section */

/* Begin PBXProject section */
		6E07C4711FCC645F0063CBF6 /* Project object */ = {
			isa = PBXProject;
			attributes = {
				LastUpgradeCheck = 0910;
				ORGANIZATIONNAME = "Евгений Величко";
				TargetAttributes = {
					6E07C4791FCC645F0063CBF6 = {
						CreatedOnToolsVersion = 9.1;
						LastSwiftMigration = 0910;
						ProvisioningStyle = Automatic;
					};
				};
			};
			buildConfigurationList = 6E07C4741FCC645F0063CBF6 /* Build configuration list for PBXProject "IndoorPlanSceneMetal" */;
			compatibilityVersion = "Xcode 8.0";
			developmentRegion = en;
			hasScannedForEncodings = 0;
			knownRegions = (
				en,
				Base,
			);
			mainGroup = 6E07C4701FCC645F0063CBF6;
			productRefGroup = 6E07C47B1FCC645F0063CBF6 /* Products */;
			projectDirPath = "";
			projectRoot = "";
			targets = (
				6E07C4791FCC645F0063CBF6 /* IndoorPlanSceneMetal */,
			);
		};
/* End PBXProject section */

/* Begin PBXResourcesBuildPhase section */
		6E07C4781FCC645F0063CBF6 /* Resources */ = {
			isa = PBXResourcesBuildPhase;
			buildActionMask = 2147483647;
			files = (
			);
			runOnlyForDeploymentPostprocessing = 0;
		};
/* End PBXResourcesBuildPhase section */

/* Begin PBXSourcesBuildPhase section */
		6E07C4751FCC645F0063CBF6 /* Sources */ = {
			isa = PBXSourcesBuildPhase;
			buildActionMask = 2147483647;
			files = (
				6E5F11A41FDEC642001A6D80 /* SMVectorTextMesh.m in Sources */,
				6E07C5591FCC67F20063CBF6 /* SMCompassRotation.swift in Sources */,
				6E07C5321FCC66E10063CBF6 /* CGFloat+Global.swift in Sources */,
				6E07C5381FCC67130063CBF6 /* SVector2d.swift in Sources */,
				6E997ED41FDAA37900DBE833 /* SMTextMesh.m in Sources */,
				6E07C52B1FCC66B80063CBF6 /* SMDrawingLayer.swift in Sources */,
				6E997ED71FDAA37900DBE833 /* SMMesh.m in Sources */,
				6E07C5561FCC67DE0063CBF6 /* SMViewHierarchyPreparing.swift in Sources */,
				6E87EE301FCC7C9400E4D4E1 /* SMDrawingError.swift in Sources */,
				6E9F06611FE27DD700A4B560 /* SMDarawingLayer+Rotation.swift in Sources */,
				6E17892F1FE2BA72001AE94A /* SMDrawingLayer+Gesture.swift in Sources */,
				6E07C5531FCC67C30063CBF6 /* SMUserLocation.swift in Sources */,
				6E9F06561FE26ADF00A4B560 /* SMTriangle+Colors.swift in Sources */,
				6E07C5431FCC674E0063CBF6 /* SMNode.swift in Sources */,
				6E07C5481FCC67670063CBF6 /* SMContour.swift in Sources */,
				6E07C5351FCC66FB0063CBF6 /* SMShaders.metal in Sources */,
				6E09AFA81FE1391700C53DBE /* SMTriangle+UserPosition.swift in Sources */,
				6E07C55B1FCC67F70063CBF6 /* SMCompassLocationDelegate.swift in Sources */,
				6E997ECA1FDAA36200DBE833 /* SMFontAtlas.m in Sources */,
				6E07C54A1FCC676E0063CBF6 /* SMGrid.swift in Sources */,
				6E9F065B1FE2739E00A4B560 /* SMTriangle+Text.swift in Sources */,
				6EC12ACD1FDED49F00CCC6E6 /* SMTextRenderingConstants.m in Sources */,
				6E07C52E1FCC66D50063CBF6 /* CLLocation+Global.swift in Sources */,
				6E9F065F1FE27D4B00A4B560 /* SMDrawingLayer+DataProcessing.swift in Sources */,
				6E07C53E1FCC67300063CBF6 /* SVertex.swift in Sources */,
				6EC12AD31FDED88C00CCC6E6 /* SMFontAtlasBuild.m in Sources */,
				6E07C5271FCC66AC0063CBF6 /* SMError.swift in Sources */,
				6E07C5291FCC66B10063CBF6 /* SMConstants.swift in Sources */,
				6E07C5301FCC66DA0063CBF6 /* Array+Global.swift in Sources */,
				6E07C53A1FCC671D0063CBF6 /* SPlanData.swift in Sources */,
				6E9F065D1FE279C200A4B560 /* SMDrawingLayer+Colors.swift in Sources */,
				6EC12AC81FDED34800CCC6E6 /* SMGlyphDescriptor.m in Sources */,
				6E07C5511FCC67BD0063CBF6 /* SMLook.swift in Sources */,
				6E07C5411FCC67490063CBF6 /* SMTriangle.swift in Sources */,
				6E07C5461FCC67600063CBF6 /* SMTringulate.swift in Sources */,
				6E07C54E1FCC67AC0063CBF6 /* SMDrawingLayer+UIScrollViewDelegate.swift in Sources */,
				6E07C4F61FCC650B0063CBF6 /* SMDrawingView.swift in Sources */,
				6E07C53C1FCC67270063CBF6 /* SVertexesData.swift in Sources */,
			);
			runOnlyForDeploymentPostprocessing = 0;
		};
/* End PBXSourcesBuildPhase section */

/* Begin XCBuildConfiguration section */
		6E07C4801FCC645F0063CBF6 /* Debug */ = {
			isa = XCBuildConfiguration;
			buildSettings = {
				ALWAYS_SEARCH_USER_PATHS = NO;
				CLANG_ANALYZER_NONNULL = YES;
				CLANG_ANALYZER_NUMBER_OBJECT_CONVERSION = YES_AGGRESSIVE;
				CLANG_CXX_LANGUAGE_STANDARD = "gnu++14";
				CLANG_CXX_LIBRARY = "libc++";
				CLANG_ENABLE_MODULES = YES;
				CLANG_ENABLE_OBJC_ARC = YES;
				CLANG_WARN_BLOCK_CAPTURE_AUTORELEASING = YES;
				CLANG_WARN_BOOL_CONVERSION = YES;
				CLANG_WARN_COMMA = YES;
				CLANG_WARN_CONSTANT_CONVERSION = YES;
				CLANG_WARN_DIRECT_OBJC_ISA_USAGE = YES_ERROR;
				CLANG_WARN_DOCUMENTATION_COMMENTS = YES;
				CLANG_WARN_EMPTY_BODY = YES;
				CLANG_WARN_ENUM_CONVERSION = YES;
				CLANG_WARN_INFINITE_RECURSION = YES;
				CLANG_WARN_INT_CONVERSION = YES;
				CLANG_WARN_NON_LITERAL_NULL_CONVERSION = YES;
				CLANG_WARN_OBJC_LITERAL_CONVERSION = YES;
				CLANG_WARN_OBJC_ROOT_CLASS = YES_ERROR;
				CLANG_WARN_RANGE_LOOP_ANALYSIS = YES;
				CLANG_WARN_STRICT_PROTOTYPES = YES;
				CLANG_WARN_SUSPICIOUS_MOVE = YES;
				CLANG_WARN_UNGUARDED_AVAILABILITY = YES_AGGRESSIVE;
				CLANG_WARN_UNREACHABLE_CODE = YES;
				CLANG_WARN__DUPLICATE_METHOD_MATCH = YES;
				CODE_SIGN_IDENTITY = "iPhone Developer";
				COPY_PHASE_STRIP = NO;
				CURRENT_PROJECT_VERSION = 1;
				DEBUG_INFORMATION_FORMAT = dwarf;
				ENABLE_STRICT_OBJC_MSGSEND = YES;
				ENABLE_TESTABILITY = YES;
				GCC_C_LANGUAGE_STANDARD = gnu11;
				GCC_DYNAMIC_NO_PIC = NO;
				GCC_NO_COMMON_BLOCKS = YES;
				GCC_OPTIMIZATION_LEVEL = 0;
				GCC_PREPROCESSOR_DEFINITIONS = (
					"DEBUG=1",
					"$(inherited)",
				);
				GCC_WARN_64_TO_32_BIT_CONVERSION = YES;
				GCC_WARN_ABOUT_RETURN_TYPE = YES_ERROR;
				GCC_WARN_UNDECLARED_SELECTOR = YES;
				GCC_WARN_UNINITIALIZED_AUTOS = YES_AGGRESSIVE;
				GCC_WARN_UNUSED_FUNCTION = YES;
				GCC_WARN_UNUSED_VARIABLE = YES;
				IPHONEOS_DEPLOYMENT_TARGET = 10.0;
				MTL_ENABLE_DEBUG_INFO = YES;
				ONLY_ACTIVE_ARCH = YES;
				SDKROOT = iphoneos;
				SWIFT_ACTIVE_COMPILATION_CONDITIONS = DEBUG;
				SWIFT_OPTIMIZATION_LEVEL = "-Onone";
				VERSIONING_SYSTEM = "apple-generic";
				VERSION_INFO_PREFIX = "";
			};
			name = Debug;
		};
		6E07C4811FCC645F0063CBF6 /* Release */ = {
			isa = XCBuildConfiguration;
			buildSettings = {
				ALWAYS_SEARCH_USER_PATHS = NO;
				CLANG_ANALYZER_NONNULL = YES;
				CLANG_ANALYZER_NUMBER_OBJECT_CONVERSION = YES_AGGRESSIVE;
				CLANG_CXX_LANGUAGE_STANDARD = "gnu++14";
				CLANG_CXX_LIBRARY = "libc++";
				CLANG_ENABLE_MODULES = YES;
				CLANG_ENABLE_OBJC_ARC = YES;
				CLANG_WARN_BLOCK_CAPTURE_AUTORELEASING = YES;
				CLANG_WARN_BOOL_CONVERSION = YES;
				CLANG_WARN_COMMA = YES;
				CLANG_WARN_CONSTANT_CONVERSION = YES;
				CLANG_WARN_DIRECT_OBJC_ISA_USAGE = YES_ERROR;
				CLANG_WARN_DOCUMENTATION_COMMENTS = YES;
				CLANG_WARN_EMPTY_BODY = YES;
				CLANG_WARN_ENUM_CONVERSION = YES;
				CLANG_WARN_INFINITE_RECURSION = YES;
				CLANG_WARN_INT_CONVERSION = YES;
				CLANG_WARN_NON_LITERAL_NULL_CONVERSION = YES;
				CLANG_WARN_OBJC_LITERAL_CONVERSION = YES;
				CLANG_WARN_OBJC_ROOT_CLASS = YES_ERROR;
				CLANG_WARN_RANGE_LOOP_ANALYSIS = YES;
				CLANG_WARN_STRICT_PROTOTYPES = YES;
				CLANG_WARN_SUSPICIOUS_MOVE = YES;
				CLANG_WARN_UNGUARDED_AVAILABILITY = YES_AGGRESSIVE;
				CLANG_WARN_UNREACHABLE_CODE = YES;
				CLANG_WARN__DUPLICATE_METHOD_MATCH = YES;
				CODE_SIGN_IDENTITY = "iPhone Developer";
				COPY_PHASE_STRIP = NO;
				CURRENT_PROJECT_VERSION = 1;
				DEBUG_INFORMATION_FORMAT = "dwarf-with-dsym";
				ENABLE_NS_ASSERTIONS = NO;
				ENABLE_STRICT_OBJC_MSGSEND = YES;
				GCC_C_LANGUAGE_STANDARD = gnu11;
				GCC_NO_COMMON_BLOCKS = YES;
				GCC_WARN_64_TO_32_BIT_CONVERSION = YES;
				GCC_WARN_ABOUT_RETURN_TYPE = YES_ERROR;
				GCC_WARN_UNDECLARED_SELECTOR = YES;
				GCC_WARN_UNINITIALIZED_AUTOS = YES_AGGRESSIVE;
				GCC_WARN_UNUSED_FUNCTION = YES;
				GCC_WARN_UNUSED_VARIABLE = YES;
				IPHONEOS_DEPLOYMENT_TARGET = 10.0;
				MTL_ENABLE_DEBUG_INFO = NO;
				SDKROOT = iphoneos;
				SWIFT_OPTIMIZATION_LEVEL = "-Owholemodule";
				VALIDATE_PRODUCT = YES;
				VERSIONING_SYSTEM = "apple-generic";
				VERSION_INFO_PREFIX = "";
			};
			name = Release;
		};
		6E07C4831FCC645F0063CBF6 /* Debug */ = {
			isa = XCBuildConfiguration;
			buildSettings = {
				CLANG_ENABLE_MODULES = YES;
				CODE_SIGN_IDENTITY = "";
				CODE_SIGN_STYLE = Automatic;
				DEFINES_MODULE = YES;
				DEVELOPMENT_TEAM = "";
				DYLIB_COMPATIBILITY_VERSION = 1;
				DYLIB_CURRENT_VERSION = 1;
				DYLIB_INSTALL_NAME_BASE = "@rpath";
				INFOPLIST_FILE = "$(SRCROOT)/IndoorPlanSceneMetal/Info.plist";
				INSTALL_PATH = "$(LOCAL_LIBRARY_DIR)/Frameworks";
				IPHONEOS_DEPLOYMENT_TARGET = 10.0;
				LD_RUNPATH_SEARCH_PATHS = "$(inherited) @executable_path/Frameworks @loader_path/Frameworks";
				PRODUCT_BUNDLE_IDENTIFIER = uran.com.IndoorPlanSceneMetal;
				PRODUCT_NAME = "$(TARGET_NAME:c99extidentifier)";
				SKIP_INSTALL = YES;
				SWIFT_OBJC_BRIDGING_HEADER = "$(SRCROOT)/IndoorPlanSceneMetal/SMDrawing/PlanSceneMetal/Metal components/Node/Text/IndoorPlanSceneMetal-Bridging-Header.h";
				SWIFT_OPTIMIZATION_LEVEL = "-Onone";
				SWIFT_VERSION = 4.0;
				TARGETED_DEVICE_FAMILY = "1,2";
			};
			name = Debug;
		};
		6E07C4841FCC645F0063CBF6 /* Release */ = {
			isa = XCBuildConfiguration;
			buildSettings = {
				CLANG_ENABLE_MODULES = YES;
				CODE_SIGN_IDENTITY = "";
				CODE_SIGN_STYLE = Automatic;
				DEFINES_MODULE = YES;
				DEVELOPMENT_TEAM = "";
				DYLIB_COMPATIBILITY_VERSION = 1;
				DYLIB_CURRENT_VERSION = 1;
				DYLIB_INSTALL_NAME_BASE = "@rpath";
				INFOPLIST_FILE = "$(SRCROOT)/IndoorPlanSceneMetal/Info.plist";
				INSTALL_PATH = "$(LOCAL_LIBRARY_DIR)/Frameworks";
				IPHONEOS_DEPLOYMENT_TARGET = 10.0;
				LD_RUNPATH_SEARCH_PATHS = "$(inherited) @executable_path/Frameworks @loader_path/Frameworks";
				PRODUCT_BUNDLE_IDENTIFIER = uran.com.IndoorPlanSceneMetal;
				PRODUCT_NAME = "$(TARGET_NAME:c99extidentifier)";
				SKIP_INSTALL = YES;
				SWIFT_OBJC_BRIDGING_HEADER = "$(SRCROOT)/IndoorPlanSceneMetal/SMDrawing/PlanSceneMetal/Metal components/Node/Text/IndoorPlanSceneMetal-Bridging-Header.h";
				SWIFT_VERSION = 4.0;
				TARGETED_DEVICE_FAMILY = "1,2";
			};
			name = Release;
		};
/* End XCBuildConfiguration section */

/* Begin XCConfigurationList section */
		6E07C4741FCC645F0063CBF6 /* Build configuration list for PBXProject "IndoorPlanSceneMetal" */ = {
			isa = XCConfigurationList;
			buildConfigurations = (
				6E07C4801FCC645F0063CBF6 /* Debug */,
				6E07C4811FCC645F0063CBF6 /* Release */,
			);
			defaultConfigurationIsVisible = 0;
			defaultConfigurationName = Release;
		};
		6E07C4821FCC645F0063CBF6 /* Build configuration list for PBXNativeTarget "IndoorPlanSceneMetal" */ = {
			isa = XCConfigurationList;
			buildConfigurations = (
				6E07C4831FCC645F0063CBF6 /* Debug */,
				6E07C4841FCC645F0063CBF6 /* Release */,
			);
			defaultConfigurationIsVisible = 0;
			defaultConfigurationName = Release;
		};
/* End XCConfigurationList section */
	};
	rootObject = 6E07C4711FCC645F0063CBF6 /* Project object */;
}
